
Microsoft Visual Studio Solution File, Format Version 12.00
# Visual Studio Version 16
VisualStudioVersion = 16.0.29911.84
MinimumVisualStudioVersion = 10.0.40219.1
Project("{FAE04EC0-301F-11D3-BF4B-00C04F79EFBC}") = "DotNetCoreAngularDocker", "DotNetCoreAngularDocker\DotNetCoreAngularDocker.csproj", "{42E792A8-AE2E-497F-B956-B088333C0E9A}"
EndProject
Global
	GlobalSection(SolutionConfigurationPlatforms) = preSolution
		Debug|Any CPU = Debug|Any CPU
		Release|Any CPU = Release|Any CPU
	EndGlobalSection
	GlobalSection(ProjectConfigurationPlatforms) = postSolution
		{42E792A8-AE2E-497F-B956-B088333C0E9A}.Debug|Any CPU.ActiveCfg = Debug|Any CPU
		{42E792A8-AE2E-497F-B956-B088333C0E9A}.Debug|Any CPU.Build.0 = Debug|Any CPU
		{42E792A8-AE2E-497F-B956-B088333C0E9A}.Release|Any CPU.ActiveCfg = Release|Any CPU
		{42E792A8-AE2E-497F-B956-B088333C0E9A}.Release|Any CPU.Build.0 = Release|Any CPU
	EndGlobalSection
	GlobalSection(SolutionProperties) = preSolution
		HideSolutionNode = FALSE
	EndGlobalSection
	GlobalSection(ExtensibilityGlobals) = postSolution
		SolutionGuid = {A4F9CB5B-296F-4FBA-9A94-5213E7139205}
	EndGlobalSection
EndGlobal
